
Microsoft Visual Studio Solution File, Format Version 12.00
# Visual Studio 2013
VisualStudioVersion = 12.0.31101.0
MinimumVisualStudioVersion = 10.0.40219.1
Project("{FAE04EC0-301F-11D3-BF4B-00C04F79EFBC}") = "GnuCashParser.Tests", "GnuCashParser.Tests\GnuCashParser.Tests.csproj", "{4552A94A-FD64-4CE1-A9C7-CE3F41F9EC75}"
EndProject
Project("{F2A71F9B-5D33-465A-A702-920D77279786}") = "GnuCashParser", "GnuCashParser\GnuCashParser.fsproj", "{4E3F75C0-BDB3-47E2-ABC4-5988CD9C7243}"
EndProject
Global
	GlobalSection(SolutionConfigurationPlatforms) = preSolution
		Debug|Any CPU = Debug|Any CPU
		Release|Any CPU = Release|Any CPU
	EndGlobalSection
	GlobalSection(ProjectConfigurationPlatforms) = postSolution
		{4552A94A-FD64-4CE1-A9C7-CE3F41F9EC75}.Debug|Any CPU.ActiveCfg = Debug|Any CPU
		{4552A94A-FD64-4CE1-A9C7-CE3F41F9EC75}.Debug|Any CPU.Build.0 = Debug|Any CPU
		{4552A94A-FD64-4CE1-A9C7-CE3F41F9EC75}.Release|Any CPU.ActiveCfg = Release|Any CPU
		{4552A94A-FD64-4CE1-A9C7-CE3F41F9EC75}.Release|Any CPU.Build.0 = Release|Any CPU
		{4E3F75C0-BDB3-47E2-ABC4-5988CD9C7243}.Debug|Any CPU.ActiveCfg = Debug|Any CPU
		{4E3F75C0-BDB3-47E2-ABC4-5988CD9C7243}.Debug|Any CPU.Build.0 = Debug|Any CPU
		{4E3F75C0-BDB3-47E2-ABC4-5988CD9C7243}.Release|Any CPU.ActiveCfg = Release|Any CPU
		{4E3F75C0-BDB3-47E2-ABC4-5988CD9C7243}.Release|Any CPU.Build.0 = Release|Any CPU
	EndGlobalSection
	GlobalSection(SolutionProperties) = preSolution
		HideSolutionNode = FALSE
	EndGlobalSection
EndGlobal
